
Microsoft Visual Studio Solution File, Format Version 12.00
# Visual Studio 15
Project("{FAE04EC0-301F-11D3-BF4B-00C04F79EFBC}") = "KartGame", "KartGame.csproj", "{F7AD8944-D64F-74EF-B291-927148D07E5B}"
EndProject
Project("{FAE04EC0-301F-11D3-BF4B-00C04F79EFBC}") = "KartGame.AI", "KartGame.AI.csproj", "{C085F509-6D33-72BA-ABBA-A687ED20B129}"
EndProject
Project("{FAE04EC0-301F-11D3-BF4B-00C04F79EFBC}") = "Assembly-CSharp", "Assembly-CSharp.csproj", "{B32525F9-3CED-DCA1-8D86-05047E283309}"
EndProject
Project("{FAE04EC0-301F-11D3-BF4B-00C04F79EFBC}") = "Unity.Microgame.Tutorials", "Unity.Microgame.Tutorials.csproj", "{277726DF-BC96-8C6A-BC70-A678FC704EAA}"
EndProject
Project("{FAE04EC0-301F-11D3-BF4B-00C04F79EFBC}") = "KartGame.AI.Editor", "KartGame.AI.Editor.csproj", "{231A3717-51AB-C764-6427-F0EB2D677900}"
EndProject
Project("{FAE04EC0-301F-11D3-BF4B-00C04F79EFBC}") = "KartGame.Editor", "KartGame.Editor.csproj", "{19C1DF58-6BC9-5810-D976-22CE3B271526}"
EndProject
Project("{FAE04EC0-301F-11D3-BF4B-00C04F79EFBC}") = "Unity.Karting.Tutorials", "Unity.Karting.Tutorials.csproj", "{9FBD3239-817A-A69A-89AE-E0C39A45796D}"
EndProject
Global
	GlobalSection(SolutionConfigurationPlatforms) = preSolution
		Debug|Any CPU = Debug|Any CPU
		Release|Any CPU = Release|Any CPU
	EndGlobalSection
	GlobalSection(ProjectConfigurationPlatforms) = postSolution
		{F7AD8944-D64F-74EF-B291-927148D07E5B}.Debug|Any CPU.ActiveCfg = Debug|Any CPU
		{F7AD8944-D64F-74EF-B291-927148D07E5B}.Debug|Any CPU.Build.0 = Debug|Any CPU
		{F7AD8944-D64F-74EF-B291-927148D07E5B}.Release|Any CPU.ActiveCfg = Release|Any CPU
		{F7AD8944-D64F-74EF-B291-927148D07E5B}.Release|Any CPU.Build.0 = Release|Any CPU
		{C085F509-6D33-72BA-ABBA-A687ED20B129}.Debug|Any CPU.ActiveCfg = Debug|Any CPU
		{C085F509-6D33-72BA-ABBA-A687ED20B129}.Debug|Any CPU.Build.0 = Debug|Any CPU
		{C085F509-6D33-72BA-ABBA-A687ED20B129}.Release|Any CPU.ActiveCfg = Release|Any CPU
		{C085F509-6D33-72BA-ABBA-A687ED20B129}.Release|Any CPU.Build.0 = Release|Any CPU
		{B32525F9-3CED-DCA1-8D86-05047E283309}.Debug|Any CPU.ActiveCfg = Debug|Any CPU
		{B32525F9-3CED-DCA1-8D86-05047E283309}.Debug|Any CPU.Build.0 = Debug|Any CPU
		{B32525F9-3CED-DCA1-8D86-05047E283309}.Release|Any CPU.ActiveCfg = Release|Any CPU
		{B32525F9-3CED-DCA1-8D86-05047E283309}.Release|Any CPU.Build.0 = Release|Any CPU
		{277726DF-BC96-8C6A-BC70-A678FC704EAA}.Debug|Any CPU.ActiveCfg = Debug|Any CPU
		{277726DF-BC96-8C6A-BC70-A678FC704EAA}.Debug|Any CPU.Build.0 = Debug|Any CPU
		{277726DF-BC96-8C6A-BC70-A678FC704EAA}.Release|Any CPU.ActiveCfg = Release|Any CPU
		{277726DF-BC96-8C6A-BC70-A678FC704EAA}.Release|Any CPU.Build.0 = Release|Any CPU
		{231A3717-51AB-C764-6427-F0EB2D677900}.Debug|Any CPU.ActiveCfg = Debug|Any CPU
		{231A3717-51AB-C764-6427-F0EB2D677900}.Debug|Any CPU.Build.0 = Debug|Any CPU
		{231A3717-51AB-C764-6427-F0EB2D677900}.Release|Any CPU.ActiveCfg = Release|Any CPU
		{231A3717-51AB-C764-6427-F0EB2D677900}.Release|Any CPU.Build.0 = Release|Any CPU
		{19C1DF58-6BC9-5810-D976-22CE3B271526}.Debug|Any CPU.ActiveCfg = Debug|Any CPU
		{19C1DF58-6BC9-5810-D976-22CE3B271526}.Debug|Any CPU.Build.0 = Debug|Any CPU
		{19C1DF58-6BC9-5810-D976-22CE3B271526}.Release|Any CPU.ActiveCfg = Release|Any CPU
		{19C1DF58-6BC9-5810-D976-22CE3B271526}.Release|Any CPU.Build.0 = Release|Any CPU
		{9FBD3239-817A-A69A-89AE-E0C39A45796D}.Debug|Any CPU.ActiveCfg = Debug|Any CPU
		{9FBD3239-817A-A69A-89AE-E0C39A45796D}.Debug|Any CPU.Build.0 = Debug|Any CPU
		{9FBD3239-817A-A69A-89AE-E0C39A45796D}.Release|Any CPU.ActiveCfg = Release|Any CPU
		{9FBD3239-817A-A69A-89AE-E0C39A45796D}.Release|Any CPU.Build.0 = Release|Any CPU
	EndGlobalSection
	GlobalSection(SolutionProperties) = preSolution
		HideSolutionNode = FALSE
	EndGlobalSection
EndGlobal
